// !$*UTF8*$!
{
	archiveVersion = 1;
	classes = {
	};
	objectVersion = 46;
	objects = {

/* Begin PBXBuildFile section */
		C4C1675A1D74C0000048E11E /* AppDelegate.swift in Sources */ = {isa = PBXBuildFile; fileRef = C4C167591D74C0000048E11E /* AppDelegate.swift */; };
		C4C1675C1D74C0000048E11E /* ViewController.swift in Sources */ = {isa = PBXBuildFile; fileRef = C4C1675B1D74C0000048E11E /* ViewController.swift */; };
		C4C1675F1D74C0000048E11E /* Main.storyboard in Resources */ = {isa = PBXBuildFile; fileRef = C4C1675D1D74C0000048E11E /* Main.storyboard */; };
		C4C167611D74C0000048E11E /* Assets.xcassets in Resources */ = {isa = PBXBuildFile; fileRef = C4C167601D74C0000048E11E /* Assets.xcassets */; };
		C4C167641D74C0000048E11E /* LaunchScreen.storyboard in Resources */ = {isa = PBXBuildFile; fileRef = C4C167621D74C0000048E11E /* LaunchScreen.storyboard */; };
		C4C1676F1D74C0000048E11E /* SwiftSlideShowTests.swift in Sources */ = {isa = PBXBuildFile; fileRef = C4C1676E1D74C0000048E11E /* SwiftSlideShowTests.swift */; };
		C4C1677A1D74C0000048E11E /* SwiftSlideShowUITests.swift in Sources */ = {isa = PBXBuildFile; fileRef = C4C167791D74C0000048E11E /* SwiftSlideShowUITests.swift */; };
/* End PBXBuildFile section */

/* Begin PBXContainerItemProxy section */
		C4C1676B1D74C0000048E11E /* PBXContainerItemProxy */ = {
			isa = PBXContainerItemProxy;
			containerPortal = C4C1674E1D74C0000048E11E /* Project object */;
			proxyType = 1;
			remoteGlobalIDString = C4C167551D74C0000048E11E;
			remoteInfo = SwiftSlideShow;
		};
		C4C167761D74C0000048E11E /* PBXContainerItemProxy */ = {
			isa = PBXContainerItemProxy;
			containerPortal = C4C1674E1D74C0000048E11E /* Project object */;
			proxyType = 1;
			remoteGlobalIDString = C4C167551D74C0000048E11E;
			remoteInfo = SwiftSlideShow;
		};
/* End PBXContainerItemProxy section */

/* Begin PBXFileReference section */
		C4C167561D74C0000048E11E /* SwiftSlideShow.app */ = {isa = PBXFileReference; explicitFileType = wrapper.application; includeInIndex = 0; path = SwiftSlideShow.app; sourceTree = BUILT_PRODUCTS_DIR; };
		C4C167591D74C0000048E11E /* AppDelegate.swift */ = {isa = PBXFileReference; lastKnownFileType = sourcecode.swift; path = AppDelegate.swift; sourceTree = "<group>"; };
		C4C1675B1D74C0000048E11E /* ViewController.swift */ = {isa = PBXFileReference; lastKnownFileType = sourcecode.swift; path = ViewController.swift; sourceTree = "<group>"; };
		C4C1675E1D74C0000048E11E /* Base */ = {isa = PBXFileReference; lastKnownFileType = file.storyboard; name = Base; path = Base.lproj/Main.storyboard; sourceTree = "<group>"; };
		C4C167601D74C0000048E11E /* Assets.xcassets */ = {isa = PBXFileReference; lastKnownFileType = folder.assetcatalog; path = Assets.xcassets; sourceTree = "<group>"; };
		C4C167631D74C0000048E11E /* Base */ = {isa = PBXFileReference; lastKnownFileType = file.storyboard; name = Base; path = Base.lproj/LaunchScreen.storyboard; sourceTree = "<group>"; };
		C4C167651D74C0000048E11E /* Info.plist */ = {isa = PBXFileReference; lastKnownFileType = text.plist.xml; path = Info.plist; sourceTree = "<group>"; };
		C4C1676A1D74C0000048E11E /* SwiftSlideShowTests.xctest */ = {isa = PBXFileReference; explicitFileType = wrapper.cfbundle; includeInIndex = 0; path = SwiftSlideShowTests.xctest; sourceTree = BUILT_PRODUCTS_DIR; };
		C4C1676E1D74C0000048E11E /* SwiftSlideShowTests.swift */ = {isa = PBXFileReference; lastKnownFileType = sourcecode.swift; path = SwiftSlideShowTests.swift; sourceTree = "<group>"; };
		C4C167701D74C0000048E11E /* Info.plist */ = {isa = PBXFileReference; lastKnownFileType = text.plist.xml; path = Info.plist; sourceTree = "<group>"; };
		C4C167751D74C0000048E11E /* SwiftSlideShowUITests.xctest */ = {isa = PBXFileReference; explicitFileType = wrapper.cfbundle; includeInIndex = 0; path = SwiftSlideShowUITests.xctest; sourceTree = BUILT_PRODUCTS_DIR; };
		C4C167791D74C0000048E11E /* SwiftSlideShowUITests.swift */ = {isa = PBXFileReference; lastKnownFileType = sourcecode.swift; path = SwiftSlideShowUITests.swift; sourceTree = "<group>"; };
		C4C1677B1D74C0000048E11E /* Info.plist */ = {isa = PBXFileReference; lastKnownFileType = text.plist.xml; path = Info.plist; sourceTree = "<group>"; };
/* End PBXFileReference section */

/* Begin PBXFrameworksBuildPhase section */
		C4C167531D74C0000048E11E /* Frameworks */ = {
			isa = PBXFrameworksBuildPhase;
			buildActionMask = 2147483647;
			files = (
			);
			runOnlyForDeploymentPostprocessing = 0;
		};
		C4C167671D74C0000048E11E /* Frameworks */ = {
			isa = PBXFrameworksBuildPhase;
			buildActionMask = 2147483647;
			files = (
			);
			runOnlyForDeploymentPostprocessing = 0;
		};
		C4C167721D74C0000048E11E /* Frameworks */ = {
			isa = PBXFrameworksBuildPhase;
			buildActionMask = 2147483647;
			files = (
			);
			runOnlyForDeploymentPostprocessing = 0;
		};
/* End PBXFrameworksBuildPhase section */

/* Begin PBXGroup section */
		C4C1674D1D74C0000048E11E = {
			isa = PBXGroup;
			children = (
				C4C167581D74C0000048E11E /* SwiftSlideShow */,
				C4C1676D1D74C0000048E11E /* SwiftSlideShowTests */,
				C4C167781D74C0000048E11E /* SwiftSlideShowUITests */,
				C4C167571D74C0000048E11E /* Products */,
			);
			sourceTree = "<group>";
		};
		C4C167571D74C0000048E11E /* Products */ = {
			isa = PBXGroup;
			children = (
				C4C167561D74C0000048E11E /* SwiftSlideShow.app */,
				C4C1676A1D74C0000048E11E /* SwiftSlideShowTests.xctest */,
				C4C167751D74C0000048E11E /* SwiftSlideShowUITests.xctest */,
			);
			name = Products;
			sourceTree = "<group>";
		};
		C4C167581D74C0000048E11E /* SwiftSlideShow */ = {
			isa = PBXGroup;
			children = (
				C4C167591D74C0000048E11E /* AppDelegate.swift */,
				C4C1675B1D74C0000048E11E /* ViewController.swift */,
				C4C1675D1D74C0000048E11E /* Main.storyboard */,
				C4C167601D74C0000048E11E /* Assets.xcassets */,
				C4C167621D74C0000048E11E /* LaunchScreen.storyboard */,
				C4C167651D74C0000048E11E /* Info.plist */,
			);
			path = SwiftSlideShow;
			sourceTree = "<group>";
		};
		C4C1676D1D74C0000048E11E /* SwiftSlideShowTests */ = {
			isa = PBXGroup;
			children = (
				C4C1676E1D74C0000048E11E /* SwiftSlideShowTests.swift */,
				C4C167701D74C0000048E11E /* Info.plist */,
			);
			path = SwiftSlideShowTests;
			sourceTree = "<group>";
		};
		C4C167781D74C0000048E11E /* SwiftSlideShowUITests */ = {
			isa = PBXGroup;
			children = (
				C4C167791D74C0000048E11E /* SwiftSlideShowUITests.swift */,
				C4C1677B1D74C0000048E11E /* Info.plist */,
			);
			path = SwiftSlideShowUITests;
			sourceTree = "<group>";
		};
/* End PBXGroup section */

/* Begin PBXNativeTarget section */
		C4C167551D74C0000048E11E /* SwiftSlideShow */ = {
			isa = PBXNativeTarget;
			buildConfigurationList = C4C1677E1D74C0000048E11E /* Build configuration list for PBXNativeTarget "SwiftSlideShow" */;
			buildPhases = (
				C4C167521D74C0000048E11E /* Sources */,
				C4C167531D74C0000048E11E /* Frameworks */,
				C4C167541D74C0000048E11E /* Resources */,
			);
			buildRules = (
			);
			dependencies = (
			);
			name = SwiftSlideShow;
			productName = SwiftSlideShow;
			productReference = C4C167561D74C0000048E11E /* SwiftSlideShow.app */;
			productType = "com.apple.product-type.application";
		};
		C4C167691D74C0000048E11E /* SwiftSlideShowTests */ = {
			isa = PBXNativeTarget;
			buildConfigurationList = C4C167811D74C0000048E11E /* Build configuration list for PBXNativeTarget "SwiftSlideShowTests" */;
			buildPhases = (
				C4C167661D74C0000048E11E /* Sources */,
				C4C167671D74C0000048E11E /* Frameworks */,
				C4C167681D74C0000048E11E /* Resources */,
			);
			buildRules = (
			);
			dependencies = (
				C4C1676C1D74C0000048E11E /* PBXTargetDependency */,
			);
			name = SwiftSlideShowTests;
			productName = SwiftSlideShowTests;
			productReference = C4C1676A1D74C0000048E11E /* SwiftSlideShowTests.xctest */;
			productType = "com.apple.product-type.bundle.unit-test";
		};
		C4C167741D74C0000048E11E /* SwiftSlideShowUITests */ = {
			isa = PBXNativeTarget;
			buildConfigurationList = C4C167841D74C0000048E11E /* Build configuration list for PBXNativeTarget "SwiftSlideShowUITests" */;
			buildPhases = (
				C4C167711D74C0000048E11E /* Sources */,
				C4C167721D74C0000048E11E /* Frameworks */,
				C4C167731D74C0000048E11E /* Resources */,
			);
			buildRules = (
			);
			dependencies = (
				C4C167771D74C0000048E11E /* PBXTargetDependency */,
			);
			name = SwiftSlideShowUITests;
			productName = SwiftSlideShowUITests;
			productReference = C4C167751D74C0000048E11E /* SwiftSlideShowUITests.xctest */;
			productType = "com.apple.product-type.bundle.ui-testing";
		};
/* End PBXNativeTarget section */

/* Begin PBXProject section */
		C4C1674E1D74C0000048E11E /* Project object */ = {
			isa = PBXProject;
			attributes = {
				LastSwiftUpdateCheck = 0800;
				LastUpgradeCheck = 0800;
				ORGANIZATIONNAME = "Medigarage Studios LTD";
				TargetAttributes = {
					C4C167551D74C0000048E11E = {
						CreatedOnToolsVersion = 8.0;
						DevelopmentTeam = DT5G7UBKH4;
						DevelopmentTeamName = "Malek Trabelsi";
						ProvisioningStyle = Automatic;
					};
					C4C167691D74C0000048E11E = {
						CreatedOnToolsVersion = 8.0;
						DevelopmentTeam = DT5G7UBKH4;
						DevelopmentTeamName = "Malek Trabelsi";
						ProvisioningStyle = Automatic;
						TestTargetID = C4C167551D74C0000048E11E;
					};
					C4C167741D74C0000048E11E = {
						CreatedOnToolsVersion = 8.0;
						DevelopmentTeam = DT5G7UBKH4;
						DevelopmentTeamName = "Malek Trabelsi";
						ProvisioningStyle = Automatic;
						TestTargetID = C4C167551D74C0000048E11E;
					};
				};
			};
			buildConfigurationList = C4C167511D74C0000048E11E /* Build configuration list for PBXProject "SwiftSlideShow" */;
			compatibilityVersion = "Xcode 3.2";
			developmentRegion = English;
			hasScannedForEncodings = 0;
			knownRegions = (
				en,
				Base,
			);
			mainGroup = C4C1674D1D74C0000048E11E;
			productRefGroup = C4C167571D74C0000048E11E /* Products */;
			projectDirPath = "";
			projectRoot = "";
			targets = (
				C4C167551D74C0000048E11E /* SwiftSlideShow */,
				C4C167691D74C0000048E11E /* SwiftSlideShowTests */,
				C4C167741D74C0000048E11E /* SwiftSlideShowUITests */,
			);
		};
/* End PBXProject section */

/* Begin PBXResourcesBuildPhase section */
		C4C167541D74C0000048E11E /* Resources */ = {
			isa = PBXResourcesBuildPhase;
			buildActionMask = 2147483647;
			files = (
				C4C167641D74C0000048E11E /* LaunchScreen.storyboard in Resources */,
				C4C167611D74C0000048E11E /* Assets.xcassets in Resources */,
				C4C1675F1D74C0000048E11E /* Main.storyboard in Resources */,
			);
			runOnlyForDeploymentPostprocessing = 0;
		};
		C4C167681D74C0000048E11E /* Resources */ = {
			isa = PBXResourcesBuildPhase;
			buildActionMask = 2147483647;
			files = (
			);
			runOnlyForDeploymentPostprocessing = 0;
		};
		C4C167731D74C0000048E11E /* Resources */ = {
			isa = PBXResourcesBuildPhase;
			buildActionMask = 2147483647;
			files = (
			);
			runOnlyForDeploymentPostprocessing = 0;
		};
/* End PBXResourcesBuildPhase section */

/* Begin PBXSourcesBuildPhase section */
		C4C167521D74C0000048E11E /* Sources */ = {
			isa = PBXSourcesBuildPhase;
			buildActionMask = 2147483647;
			files = (
				C4C1675C1D74C0000048E11E /* ViewController.swift in Sources */,
				C4C1675A1D74C0000048E11E /* AppDelegate.swift in Sources */,
			);
			runOnlyForDeploymentPostprocessing = 0;
		};
		C4C167661D74C0000048E11E /* Sources */ = {
			isa = PBXSourcesBuildPhase;
			buildActionMask = 2147483647;
			files = (
				C4C1676F1D74C0000048E11E /* SwiftSlideShowTests.swift in Sources */,
			);
			runOnlyForDeploymentPostprocessing = 0;
		};
		C4C167711D74C0000048E11E /* Sources */ = {
			isa = PBXSourcesBuildPhase;
			buildActionMask = 2147483647;
			files = (
				C4C1677A1D74C0000048E11E /* SwiftSlideShowUITests.swift in Sources */,
			);
			runOnlyForDeploymentPostprocessing = 0;
		};
/* End PBXSourcesBuildPhase section */

/* Begin PBXTargetDependency section */
		C4C1676C1D74C0000048E11E /* PBXTargetDependency */ = {
			isa = PBXTargetDependency;
			target = C4C167551D74C0000048E11E /* SwiftSlideShow */;
			targetProxy = C4C1676B1D74C0000048E11E /* PBXContainerItemProxy */;
		};
		C4C167771D74C0000048E11E /* PBXTargetDependency */ = {
			isa = PBXTargetDependency;
			target = C4C167551D74C0000048E11E /* SwiftSlideShow */;
			targetProxy = C4C167761D74C0000048E11E /* PBXContainerItemProxy */;
		};
/* End PBXTargetDependency section */

/* Begin PBXVariantGroup section */
		C4C1675D1D74C0000048E11E /* Main.storyboard */ = {
			isa = PBXVariantGroup;
			children = (
				C4C1675E1D74C0000048E11E /* Base */,
			);
			name = Main.storyboard;
			sourceTree = "<group>";
		};
		C4C167621D74C0000048E11E /* LaunchScreen.storyboard */ = {
			isa = PBXVariantGroup;
			children = (
				C4C167631D74C0000048E11E /* Base */,
			);
			name = LaunchScreen.storyboard;
			sourceTree = "<group>";
		};
/* End PBXVariantGroup section */

/* Begin XCBuildConfiguration section */
		C4C1677C1D74C0000048E11E /* Debug */ = {
			isa = XCBuildConfiguration;
			buildSettings = {
				ALWAYS_SEARCH_USER_PATHS = NO;
				CLANG_ANALYZER_NONNULL = YES;
				CLANG_CXX_LANGUAGE_STANDARD = "gnu++0x";
				CLANG_CXX_LIBRARY = "libc++";
				CLANG_ENABLE_MODULES = YES;
				CLANG_ENABLE_OBJC_ARC = YES;
				CLANG_WARN_BOOL_CONVERSION = YES;
				CLANG_WARN_CONSTANT_CONVERSION = YES;
				CLANG_WARN_DIRECT_OBJC_ISA_USAGE = YES_ERROR;
				CLANG_WARN_DOCUMENTATION_COMMENTS = YES;
				CLANG_WARN_EMPTY_BODY = YES;
				CLANG_WARN_ENUM_CONVERSION = YES;
				CLANG_WARN_INT_CONVERSION = YES;
				CLANG_WARN_OBJC_ROOT_CLASS = YES_ERROR;
				CLANG_WARN_UNREACHABLE_CODE = YES;
				CLANG_WARN__DUPLICATE_METHOD_MATCH = YES;
				"CODE_SIGN_IDENTITY[sdk=iphoneos*]" = "iPhone Developer";
				COPY_PHASE_STRIP = NO;
				DEBUG_INFORMATION_FORMAT = dwarf;
				ENABLE_STRICT_OBJC_MSGSEND = YES;
				ENABLE_TESTABILITY = YES;
				GCC_C_LANGUAGE_STANDARD = gnu99;
				GCC_DYNAMIC_NO_PIC = NO;
				GCC_NO_COMMON_BLOCKS = YES;
				GCC_OPTIMIZATION_LEVEL = 0;
				GCC_PREPROCESSOR_DEFINITIONS = (
					"DEBUG=1",
					"$(inherited)",
				);
				GCC_WARN_64_TO_32_BIT_CONVERSION = YES;
				GCC_WARN_ABOUT_RETURN_TYPE = YES_ERROR;
				GCC_WARN_UNDECLARED_SELECTOR = YES;
				GCC_WARN_UNINITIALIZED_AUTOS = YES_AGGRESSIVE;
				GCC_WARN_UNUSED_FUNCTION = YES;
				GCC_WARN_UNUSED_VARIABLE = YES;
				IPHONEOS_DEPLOYMENT_TARGET = 10.0;
				MTL_ENABLE_DEBUG_INFO = YES;
				ONLY_ACTIVE_ARCH = YES;
				SDKROOT = iphoneos;
				SWIFT_ACTIVE_COMPILATION_CONDITIONS = DEBUG;
				SWIFT_OPTIMIZATION_LEVEL = "-Onone";
				TARGETED_DEVICE_FAMILY = "1,2";
			};
			name = Debug;
		};
		C4C1677D1D74C0000048E11E /* Release */ = {
			isa = XCBuildConfiguration;
			buildSettings = {
				ALWAYS_SEARCH_USER_PATHS = NO;
				CLANG_ANALYZER_NONNULL = YES;
				CLANG_CXX_LANGUAGE_STANDARD = "gnu++0x";
				CLANG_CXX_LIBRARY = "libc++";
				CLANG_ENABLE_MODULES = YES;
				CLANG_ENABLE_OBJC_ARC = YES;
				CLANG_WARN_BOOL_CONVERSION = YES;
				CLANG_WARN_CONSTANT_CONVERSION = YES;
				CLANG_WARN_DIRECT_OBJC_ISA_USAGE = YES_ERROR;
				CLANG_WARN_DOCUMENTATION_COMMENTS = YES;
				CLANG_WARN_EMPTY_BODY = YES;
				CLANG_WARN_ENUM_CONVERSION = YES;
				CLANG_WARN_INT_CONVERSION = YES;
				CLANG_WARN_OBJC_ROOT_CLASS = YES_ERROR;
				CLANG_WARN_UNREACHABLE_CODE = YES;
				CLANG_WARN__DUPLICATE_METHOD_MATCH = YES;
				"CODE_SIGN_IDENTITY[sdk=iphoneos*]" = "iPhone Developer";
				COPY_PHASE_STRIP = NO;
				DEBUG_INFORMATION_FORMAT = "dwarf-with-dsym";
				ENABLE_NS_ASSERTIONS = NO;
				ENABLE_STRICT_OBJC_MSGSEND = YES;
				GCC_C_LANGUAGE_STANDARD = gnu99;
				GCC_NO_COMMON_BLOCKS = YES;
				GCC_WARN_64_TO_32_BIT_CONVERSION = YES;
				GCC_WARN_ABOUT_RETURN_TYPE = YES_ERROR;
				GCC_WARN_UNDECLARED_SELECTOR = YES;
				GCC_WARN_UNINITIALIZED_AUTOS = YES_AGGRESSIVE;
				GCC_WARN_UNUSED_FUNCTION = YES;
				GCC_WARN_UNUSED_VARIABLE = YES;
				IPHONEOS_DEPLOYMENT_TARGET = 10.0;
				MTL_ENABLE_DEBUG_INFO = NO;
				SDKROOT = iphoneos;
				SWIFT_OPTIMIZATION_LEVEL = "-Owholemodule";
				TARGETED_DEVICE_FAMILY = "1,2";
				VALIDATE_PRODUCT = YES;
			};
			name = Release;
		};
		C4C1677F1D74C0000048E11E /* Debug */ = {
			isa = XCBuildConfiguration;
			buildSettings = {
				ASSETCATALOG_COMPILER_APPICON_NAME = AppIcon;
				INFOPLIST_FILE = SwiftSlideShow/Info.plist;
				LD_RUNPATH_SEARCH_PATHS = "$(inherited) @executable_path/Frameworks";
				PRODUCT_BUNDLE_IDENTIFIER = com.medigarage.SwiftSlideShow;
				PRODUCT_NAME = "$(TARGET_NAME)";
				SWIFT_VERSION = 3.0;
			};
			name = Debug;
		};
		C4C167801D74C0000048E11E /* Release */ = {
			isa = XCBuildConfiguration;
			buildSettings = {
				ASSETCATALOG_COMPILER_APPICON_NAME = AppIcon;
				INFOPLIST_FILE = SwiftSlideShow/Info.plist;
				LD_RUNPATH_SEARCH_PATHS = "$(inherited) @executable_path/Frameworks";
				PRODUCT_BUNDLE_IDENTIFIER = com.medigarage.SwiftSlideShow;
				PRODUCT_NAME = "$(TARGET_NAME)";
				SWIFT_VERSION = 3.0;
			};
			name = Release;
		};
		C4C167821D74C0000048E11E /* Debug */ = {
			isa = XCBuildConfiguration;
			buildSettings = {
				BUNDLE_LOADER = "$(TEST_HOST)";
				INFOPLIST_FILE = SwiftSlideShowTests/Info.plist;
				LD_RUNPATH_SEARCH_PATHS = "$(inherited) @executable_path/Frameworks @loader_path/Frameworks";
				PRODUCT_BUNDLE_IDENTIFIER = com.medigarage.SwiftSlideShowTests;
				PRODUCT_NAME = "$(TARGET_NAME)";
				SWIFT_VERSION = 3.0;
				TEST_HOST = "$(BUILT_PRODUCTS_DIR)/SwiftSlideShow.app/SwiftSlideShow";
			};
			name = Debug;
		};
		C4C167831D74C0000048E11E /* Release */ = {
			isa = XCBuildConfiguration;
			buildSettings = {
				BUNDLE_LOADER = "$(TEST_HOST)";
				INFOPLIST_FILE = SwiftSlideShowTests/Info.plist;
				LD_RUNPATH_SEARCH_PATHS = "$(inherited) @executable_path/Frameworks @loader_path/Frameworks";
				PRODUCT_BUNDLE_IDENTIFIER = com.medigarage.SwiftSlideShowTests;
				PRODUCT_NAME = "$(TARGET_NAME)";
				SWIFT_VERSION = 3.0;
				TEST_HOST = "$(BUILT_PRODUCTS_DIR)/SwiftSlideShow.app/SwiftSlideShow";
			};
			name = Release;
		};
		C4C167851D74C0000048E11E /* Debug */ = {
			isa = XCBuildConfiguration;
			buildSettings = {
				INFOPLIST_FILE = SwiftSlideShowUITests/Info.plist;
				LD_RUNPATH_SEARCH_PATHS = "$(inherited) @executable_path/Frameworks @loader_path/Frameworks";
				PRODUCT_BUNDLE_IDENTIFIER = com.medigarage.SwiftSlideShowUITests;
				PRODUCT_NAME = "$(TARGET_NAME)";
				SWIFT_VERSION = 3.0;
				TEST_TARGET_NAME = SwiftSlideShow;
			};
			name = Debug;
		};
		C4C167861D74C0000048E11E /* Release */ = {
			isa = XCBuildConfiguration;
			buildSettings = {
				INFOPLIST_FILE = SwiftSlideShowUITests/Info.plist;
				LD_RUNPATH_SEARCH_PATHS = "$(inherited) @executable_path/Frameworks @loader_path/Frameworks";
				PRODUCT_BUNDLE_IDENTIFIER = com.medigarage.SwiftSlideShowUITests;
				PRODUCT_NAME = "$(TARGET_NAME)";
				SWIFT_VERSION = 3.0;
				TEST_TARGET_NAME = SwiftSlideShow;
			};
			name = Release;
		};
/* End XCBuildConfiguration section */

/* Begin XCConfigurationList section */
		C4C167511D74C0000048E11E /* Build configuration list for PBXProject "SwiftSlideShow" */ = {
			isa = XCConfigurationList;
			buildConfigurations = (
				C4C1677C1D74C0000048E11E /* Debug */,
				C4C1677D1D74C0000048E11E /* Release */,
			);
			defaultConfigurationIsVisible = 0;
			defaultConfigurationName = Release;
		};
		C4C1677E1D74C0000048E11E /* Build configuration list for PBXNativeTarget "SwiftSlideShow" */ = {
			isa = XCConfigurationList;
			buildConfigurations = (
				C4C1677F1D74C0000048E11E /* Debug */,
				C4C167801D74C0000048E11E /* Release */,
			);
			defaultConfigurationIsVisible = 0;
		};
		C4C167811D74C0000048E11E /* Build configuration list for PBXNativeTarget "SwiftSlideShowTests" */ = {
			isa = XCConfigurationList;
			buildConfigurations = (
				C4C167821D74C0000048E11E /* Debug */,
				C4C167831D74C0000048E11E /* Release */,
			);
			defaultConfigurationIsVisible = 0;
		};
		C4C167841D74C0000048E11E /* Build configuration list for PBXNativeTarget "SwiftSlideShowUITests" */ = {
			isa = XCConfigurationList;
			buildConfigurations = (
				C4C167851D74C0000048E11E /* Debug */,
				C4C167861D74C0000048E11E /* Release */,
			);
			defaultConfigurationIsVisible = 0;
		};
/* End XCConfigurationList section */
	};
	rootObject = C4C1674E1D74C0000048E11E /* Project object */;
}
